{
  "name": "front-end-performance-checklist",
  "version": "1.0.0",
  "lockfileVersion": 1,
  "requires": true,
  "dependencies": {
    "@babel/parser": {
      "version": "7.8.4",
      "resolved": "https://registry.npmjs.org/@babel/parser/-/parser-7.8.4.tgz",
      "integrity": "sha512-0fKu/QqildpXmPVaRBoXOlyBb3MC+J0A66x97qEfLOMkn3u6nfY5esWogQwi/K0BjASYy4DbnsEWnpNL6qT5Mw==",
      "dev": true
    },
    "@textlint/ast-node-types": {
      "version": "4.2.5",
      "resolved": "https://registry.npmjs.org/@textlint/ast-node-types/-/ast-node-types-4.2.5.tgz",
      "integrity": "sha512-+rEx4jLOeZpUcdvll7jEg/7hNbwYvHWFy4IGW/tk2JdbyB3SJVyIP6arAwzTH/sp/pO9jftfyZnRj4//sLbLvQ==",
      "dev": true
    },
    "@textlint/types": {
      "version": "1.3.1",
      "resolved": "https://registry.npmjs.org/@textlint/types/-/types-1.3.1.tgz",
      "integrity": "sha512-9MJ6PRPYWiFs2lfvp/Qhq72WrkZLL5ncBUXAVoj1Ug17ug8d7psmr/KJstMMocW3EWHSOuIDj7unh413c3jPqQ==",
      "dev": true,
      "requires": {
        "@textlint/ast-node-types": "^4.2.5"
      }
    },
    "amp-create-callback": {
      "version": "1.0.1",
      "resolved": "https://registry.npmjs.org/amp-create-callback/-/amp-create-callback-1.0.1.tgz",
      "integrity": "sha1-UbtvFJFUXYbpvyNsr/UUu7RXgxA=",
      "dev": true
    },
    "amp-each": {
      "version": "1.0.1",
      "resolved": "https://registry.npmjs.org/amp-each/-/amp-each-1.0.1.tgz",
      "integrity": "sha1-DWyKM79JnIs95iMiRXx4ue2lwA8=",
      "dev": true,
      "requires": {
        "amp-create-callback": "^1.0.0",
        "amp-keys": "^1.0.0"
      }
    },
    "amp-has": {
      "version": "1.0.1",
      "resolved": "https://registry.npmjs.org/amp-has/-/amp-has-1.0.1.tgz",
      "integrity": "sha1-3MWKCQpMb8SUfNtujEEO2f9SAsY=",
      "dev": true
    },
    "amp-index-of": {
      "version": "1.1.0",
      "resolved": "https://registry.npmjs.org/amp-index-of/-/amp-index-of-1.1.0.tgz",
      "integrity": "sha1-0deY6lfaVSsCE2W4Wx443fmTscE=",
      "dev": true,
      "requires": {
        "amp-is-number": "^1.0.0"
      }
    },
    "amp-is-number": {
      "version": "1.0.1",
      "resolved": "https://registry.npmjs.org/amp-is-number/-/amp-is-number-1.0.1.tgz",
      "integrity": "sha1-9DDS5l0bvSzEHb2a+38D0+MooxQ=",
      "dev": true
    },
    "amp-is-object": {
      "version": "1.0.1",
      "resolved": "https://registry.npmjs.org/amp-is-object/-/amp-is-object-1.0.1.tgz",
      "integrity": "sha1-Coy1lWuREqFqc2d+jLrTe7okdwI=",
      "dev": true
    },
    "amp-keys": {
      "version": "1.0.1",
      "resolved": "https://registry.npmjs.org/amp-keys/-/amp-keys-1.0.1.tgz",
      "integrity": "sha1-tyH7gx2nmIFQT060SjntkwpbsSk=",
      "dev": true,
      "requires": {
        "amp-has": "^1.0.0",
        "amp-index-of": "^1.0.0",
        "amp-is-object": "^1.0.0"
      }
    },
    "analyze-desumasu-dearu": {
      "version": "2.1.5",
      "resolved": "https://registry.npmjs.org/analyze-desumasu-dearu/-/analyze-desumasu-dearu-2.1.5.tgz",
      "integrity": "sha1-nKoqWgYUbCBnn33J869Sfbb2j0E=",
      "dev": true
    },
    "argparse": {
      "version": "1.0.10",
      "resolved": "https://registry.npmjs.org/argparse/-/argparse-1.0.10.tgz",
      "integrity": "sha512-o5Roy6tNG4SL/FOkCAN6RzjiakZS25RLYFrcMttJqbdd8BWrnA+fGz57iN5Pb06pvBGvl5gQ0B48dJlslXvoTg==",
      "dev": true,
      "requires": {
        "sprintf-js": "~1.0.2"
      }
    },
    "boundary": {
      "version": "1.0.1",
      "resolved": "https://registry.npmjs.org/boundary/-/boundary-1.0.1.tgz",
      "integrity": "sha1-TWfcJgLAzBbdm85+v4fpSCkPWBI=",
      "dev": true
    },
    "code-point": {
      "version": "1.1.0",
      "resolved": "https://registry.npmjs.org/code-point/-/code-point-1.1.0.tgz",
      "integrity": "sha1-mZhB9R9UzK5KDau8hpBjI0YD/s0=",
      "dev": true
    },
    "commandpost": {
      "version": "1.4.0",
      "resolved": "https://registry.npmjs.org/commandpost/-/commandpost-1.4.0.tgz",
      "integrity": "sha512-aE2Y4MTFJ870NuB/+2z1cXBhSBBzRydVVjzhFC4gtenEhpnj15yu0qptWGJsO9YGrcPZ3ezX8AWb1VA391MKpQ==",
      "dev": true
    },
    "define-properties": {
      "version": "1.1.3",
      "resolved": "https://registry.npmjs.org/define-properties/-/define-properties-1.1.3.tgz",
      "integrity": "sha512-3MqfYKj2lLzdMSf8ZIZE/V+Zuy+BgD6f164e8K2w7dgnpKArBDerGYpM46IYYcjnkdPNMjPk9A6VFB8+3SKlXQ==",
      "dev": true,
      "requires": {
        "object-keys": "^1.0.12"
      }
    },
    "diff": {
      "version": "4.0.2",
      "resolved": "https://registry.npmjs.org/diff/-/diff-4.0.2.tgz",
      "integrity": "sha512-58lmxKSA4BNyLz+HHMUzlOEpg09FV+ev6ZMe3vJihgdxzgcwZ8VoEEPmALCZG9LmqfVoNMMKpttIYTVG6uDY7A==",
      "dev": true
    },
    "es-abstract": {
      "version": "1.17.4",
      "resolved": "https://registry.npmjs.org/es-abstract/-/es-abstract-1.17.4.tgz",
      "integrity": "sha512-Ae3um/gb8F0mui/jPL+QiqmglkUsaQf7FwBEHYIFkztkneosu9imhqHpBzQ3h1vit8t5iQ74t6PEVvphBZiuiQ==",
      "dev": true,
      "requires": {
        "es-to-primitive": "^1.2.1",
        "function-bind": "^1.1.1",
        "has": "^1.0.3",
        "has-symbols": "^1.0.1",
        "is-callable": "^1.1.5",
        "is-regex": "^1.0.5",
        "object-inspect": "^1.7.0",
        "object-keys": "^1.1.1",
        "object.assign": "^4.1.0",
        "string.prototype.trimleft": "^2.1.1",
        "string.prototype.trimright": "^2.1.1"
      }
    },
    "es-to-primitive": {
      "version": "1.2.1",
      "resolved": "https://registry.npmjs.org/es-to-primitive/-/es-to-primitive-1.2.1.tgz",
      "integrity": "sha512-QCOllgZJtaUo9miYBcLChTUaHNjJF3PYs1VidD7AwiEj1kYxKeQTctLAezAOH5ZKRH0g2IgPn6KwB4IT8iRpvA==",
      "dev": true,
      "requires": {
        "is-callable": "^1.1.4",
        "is-date-object": "^1.0.1",
        "is-symbol": "^1.0.2"
      }
    },
    "esprima": {
      "version": "4.0.1",
      "resolved": "https://registry.npmjs.org/esprima/-/esprima-4.0.1.tgz",
      "integrity": "sha512-eGuFFw7Upda+g4p+QHvnW0RyTX/SVeJBDM/gCtMARO0cLuT2HcEKnTPvhjV6aGeqrCB/sbNop0Kszm0jsaWU4A==",
      "dev": true
    },
    "function-bind": {
      "version": "1.1.1",
      "resolved": "https://registry.npmjs.org/function-bind/-/function-bind-1.1.1.tgz",
      "integrity": "sha512-yIovAzMX49sF8Yl58fSCWJ5svSLuaibPxXQJFLmBObTuCr0Mf1KiPopGM9NiFjiYBCbfaa2Fh6breQ6ANVTI0A==",
      "dev": true
    },
    "has": {
      "version": "1.0.3",
      "resolved": "https://registry.npmjs.org/has/-/has-1.0.3.tgz",
      "integrity": "sha512-f2dvO0VU6Oej7RkWJGrehjbzMAjFp5/VKPp5tTpWIV4JHHZK1/BxbFRtf/siA2SWTe09caDmVtYYzWEIbBS4zw==",
      "dev": true,
      "requires": {
        "function-bind": "^1.1.1"
      }
    },
    "has-symbols": {
      "version": "1.0.1",
      "resolved": "https://registry.npmjs.org/has-symbols/-/has-symbols-1.0.1.tgz",
      "integrity": "sha512-PLcsoqu++dmEIZB+6totNFKq/7Do+Z0u4oT0zKOJNl3lYK6vGwwu2hjHs+68OEZbTjiUE9bgOABXbP/GvrS0Kg==",
      "dev": true
    },
    "is-callable": {
      "version": "1.1.5",
      "resolved": "https://registry.npmjs.org/is-callable/-/is-callable-1.1.5.tgz",
      "integrity": "sha512-ESKv5sMCJB2jnHTWZ3O5itG+O128Hsus4K4Qh1h2/cgn2vbgnLSVqfV46AeJA9D5EeeLa9w81KUXMtn34zhX+Q==",
      "dev": true
    },
    "is-date-object": {
      "version": "1.0.2",
      "resolved": "https://registry.npmjs.org/is-date-object/-/is-date-object-1.0.2.tgz",
      "integrity": "sha512-USlDT524woQ08aoZFzh3/Z6ch9Y/EWXEHQ/AaRN0SkKq4t2Jw2R2339tSXmwuVoY7LLlBCbOIlx2myP/L5zk0g==",
      "dev": true
    },
    "is-regex": {
      "version": "1.0.5",
      "resolved": "https://registry.npmjs.org/is-regex/-/is-regex-1.0.5.tgz",
      "integrity": "sha512-vlKW17SNq44owv5AQR3Cq0bQPEb8+kF3UKZ2fiZNOWtztYE5i0CzCZxFDwO58qAOWtxdBRVO/V5Qin1wjCqFYQ==",
      "dev": true,
      "requires": {
        "has": "^1.0.3"
      }
    },
    "is-symbol": {
      "version": "1.0.3",
      "resolved": "https://registry.npmjs.org/is-symbol/-/is-symbol-1.0.3.tgz",
      "integrity": "sha512-OwijhaRSgqvhm/0ZdAcXNZt9lYdKFpcRDT5ULUuYXPoT794UNOdU+gpT6Rzo7b4V2HUl/op6GqY894AZwv9faQ==",
      "dev": true,
      "requires": {
        "has-symbols": "^1.0.1"
      }
    },
    "japanese-numerals-to-number": {
      "version": "1.0.2",
      "resolved": "https://registry.npmjs.org/japanese-numerals-to-number/-/japanese-numerals-to-number-1.0.2.tgz",
      "integrity": "sha1-y/yxjKbpOlGwYvM6Xl0p2ddpPZQ=",
      "dev": true
    },
    "joyo-kanji": {
      "version": "0.2.1",
      "resolved": "https://registry.npmjs.org/joyo-kanji/-/joyo-kanji-0.2.1.tgz",
      "integrity": "sha1-Xi6OorkDupMz8WgMZpAvyWgupZI=",
      "dev": true
    },
    "js-yaml": {
      "version": "3.13.1",
      "resolved": "https://registry.npmjs.org/js-yaml/-/js-yaml-3.13.1.tgz",
      "integrity": "sha512-YfbcO7jXDdyj0DGxYVSlSeQNHbD7XPWvrVWeVUujrQEoZzWJIRrCPoyk6kL6IAjAG2IolMK4T0hNUe0HOUs5Jw==",
      "dev": true,
      "requires": {
        "argparse": "^1.0.7",
        "esprima": "^4.0.0"
      }
    },
    "match-index": {
      "version": "1.0.3",
      "resolved": "https://registry.npmjs.org/match-index/-/match-index-1.0.3.tgz",
      "integrity": "sha512-1XjyBWqCvEFFUDW/MPv0RwbITRD4xQXOvKoPYtLDq8IdZTfdF/cQSo5Yn4qvhfSSZgjgkTFsqJD2wOUG4ovV8Q==",
      "dev": true,
      "requires": {
        "regexp.prototype.flags": "^1.1.1"
      }
    },
    "moji": {
      "version": "0.5.1",
      "resolved": "https://registry.npmjs.org/moji/-/moji-0.5.1.tgz",
      "integrity": "sha1-CI7s0cIsjzGiQK3PnJXlTzPrVPs=",
      "dev": true,
      "requires": {
        "object-assign": "^3.0.0"
      }
    },
    "object-assign": {
      "version": "3.0.0",
      "resolved": "https://registry.npmjs.org/object-assign/-/object-assign-3.0.0.tgz",
      "integrity": "sha1-m+3VygiXlJvKR+f/QIBi1Un1h/I=",
      "dev": true
    },
    "object-inspect": {
      "version": "1.7.0",
      "resolved": "https://registry.npmjs.org/object-inspect/-/object-inspect-1.7.0.tgz",
      "integrity": "sha512-a7pEHdh1xKIAgTySUGgLMx/xwDZskN1Ud6egYYN3EdRW4ZMPNEDUTF+hwy2LUC+Bl+SyLXANnwz/jyh/qutKUw==",
      "dev": true
    },
    "object-keys": {
      "version": "1.1.1",
      "resolved": "https://registry.npmjs.org/object-keys/-/object-keys-1.1.1.tgz",
      "integrity": "sha512-NuAESUOUMrlIXOfHKzD6bpPu3tYt3xvjNdRIQ+FeT0lNb4K8WR70CaDxhuNguS2XG+GjkyMwOzsN5ZktImfhLA==",
      "dev": true
    },
    "object.assign": {
      "version": "4.1.0",
      "resolved": "https://registry.npmjs.org/object.assign/-/object.assign-4.1.0.tgz",
      "integrity": "sha512-exHJeq6kBKj58mqGyTQ9DFvrZC/eR6OwxzoM9YRoGBqrXYonaFyGiFMuc9VZrXf7DarreEwMpurG3dd+CNyW5w==",
      "dev": true,
      "requires": {
        "define-properties": "^1.1.2",
        "function-bind": "^1.1.1",
        "has-symbols": "^1.0.0",
        "object-keys": "^1.0.11"
      }
    },
    "prh": {
      "version": "5.4.4",
      "resolved": "https://registry.npmjs.org/prh/-/prh-5.4.4.tgz",
      "integrity": "sha512-UATF+R/2H8owxwPvF12Knihu9aYGTuZttGHrEEq5NBWz38mREh23+WvCVKX3fhnIZIMV7ye6E1fnqAl+V6WYEw==",
      "dev": true,
      "requires": {
        "commandpost": "^1.2.1",
        "diff": "^4.0.1",
        "js-yaml": "^3.9.1"
      }
    },
    "regexp.prototype.flags": {
      "version": "1.3.0",
      "resolved": "https://registry.npmjs.org/regexp.prototype.flags/-/regexp.prototype.flags-1.3.0.tgz",
      "integrity": "sha512-2+Q0C5g951OlYlJz6yu5/M33IcsESLlLfsyIaLJaG4FA2r4yP8MvVMJUUP/fVBkSpbbbZlS5gynbEWLipiiXiQ==",
      "dev": true,
      "requires": {
        "define-properties": "^1.1.3",
        "es-abstract": "^1.17.0-next.1"
      }
    },
    "regx": {
      "version": "1.0.4",
      "resolved": "https://registry.npmjs.org/regx/-/regx-1.0.4.tgz",
      "integrity": "sha1-oO4ywwiRCQIBnKERftQbnd0EGy8=",
      "dev": true
    },
    "sorted-array": {
      "version": "2.0.4",
      "resolved": "https://registry.npmjs.org/sorted-array/-/sorted-array-2.0.4.tgz",
      "integrity": "sha512-58INzrX0rL6ttCfsGoFmOuQY5AjR6A5E/MmGKJ5JvWHOey6gOEOC6vO8K6C0Y2bQR6KJ8o8aFwHjp/mJ/HcYsQ==",
      "dev": true
    },
    "sorted-joyo-kanji": {
      "version": "0.2.0",
      "resolved": "https://registry.npmjs.org/sorted-joyo-kanji/-/sorted-joyo-kanji-0.2.0.tgz",
      "integrity": "sha1-NK5ruvDuCl6RZbKk7rUeKrI+GFw=",
      "dev": true,
      "requires": {
        "amp-each": "^1.0.1",
        "code-point": "^1.0.1",
        "joyo-kanji": "^0.2.1",
        "sorted-array": "^2.0.1"
      }
    },
    "sprintf-js": {
      "version": "1.0.3",
      "resolved": "https://registry.npmjs.org/sprintf-js/-/sprintf-js-1.0.3.tgz",
      "integrity": "sha1-BOaSb2YolTVPPdAVIDYzuFcpfiw=",
      "dev": true
    },
    "string.prototype.trimleft": {
      "version": "2.1.1",
      "resolved": "https://registry.npmjs.org/string.prototype.trimleft/-/string.prototype.trimleft-2.1.1.tgz",
      "integrity": "sha512-iu2AGd3PuP5Rp7x2kEZCrB2Nf41ehzh+goo8TV7z8/XDBbsvc6HQIlUl9RjkZ4oyrW1XM5UwlGl1oVEaDjg6Ag==",
      "dev": true,
      "requires": {
        "define-properties": "^1.1.3",
        "function-bind": "^1.1.1"
      }
    },
    "string.prototype.trimright": {
      "version": "2.1.1",
      "resolved": "https://registry.npmjs.org/string.prototype.trimright/-/string.prototype.trimright-2.1.1.tgz",
      "integrity": "sha512-qFvWL3/+QIgZXVmJBfpHmxLB7xsUXz6HsUmP8+5dRaC3Q7oKUv9Vo6aMCRZC1smrtyECFsIT30PqBJ1gTjAs+g==",
      "dev": true,
      "requires": {
        "define-properties": "^1.1.3",
        "function-bind": "^1.1.1"
      }
    },
    "structured-source": {
      "version": "3.0.2",
      "resolved": "https://registry.npmjs.org/structured-source/-/structured-source-3.0.2.tgz",
      "integrity": "sha1-3YAkJeD1PcSm56yjdSkBoczaevU=",
      "dev": true,
      "requires": {
        "boundary": "^1.0.1"
      }
    },
    "textlint-rule-helper": {
      "version": "2.1.1",
      "resolved": "https://registry.npmjs.org/textlint-rule-helper/-/textlint-rule-helper-2.1.1.tgz",
      "integrity": "sha512-6fxgHzoJVkjl3LaC1b2Egi+5wbhG4i0pU0knJmQujVhxIJ3D3AcQQZPs457xKAi5xKz1WayYeTeJ5jrD/hnO7g==",
      "dev": true,
      "requires": {
        "@textlint/ast-node-types": "^4.2.1",
        "@textlint/types": "^1.1.2",
        "structured-source": "^3.0.2",
        "unist-util-visit": "^1.1.0"
      }
    },
    "textlint-rule-preset-jtf-style": {
      "version": "2.3.4",
      "resolved": "https://registry.npmjs.org/textlint-rule-preset-jtf-style/-/textlint-rule-preset-jtf-style-2.3.4.tgz",
      "integrity": "sha512-9z1b4/Y3Q0q+a1JrFj5fheO1DNyBaFysJg4YLwBPJ8YB3gtwwxpHhx141zyJXfnzzTZDVCaIqnM6cPHijcyRuw==",
      "dev": true,
      "requires": {
        "analyze-desumasu-dearu": "^2.1.2",
        "japanese-numerals-to-number": "^1.0.2",
        "match-index": "^1.0.3",
        "moji": "^0.5.1",
        "regexp.prototype.flags": "^1.1.1",
        "regx": "^1.0.4",
        "sorted-joyo-kanji": "^0.2.0",
        "textlint-rule-helper": "^2.0.0",
        "textlint-rule-prh": "^5.2.1"
      }
    },
    "textlint-rule-prh": {
      "version": "5.3.0",
      "resolved": "https://registry.npmjs.org/textlint-rule-prh/-/textlint-rule-prh-5.3.0.tgz",
      "integrity": "sha512-gdod+lL1SWUDyXs1ICEwvQawaSshT3mvPGufBIjF2R5WFPdKQDMsiuzsjkLm+aF+9d97dA6pFsiyC8gSW7mSgg==",
      "dev": true,
      "requires": {
        "@babel/parser": "^7.7.5",
        "prh": "^5.4.4",
        "textlint-rule-helper": "^2.1.1",
        "untildify": "^3.0.3"
      }
    },
    "unist-util-is": {
      "version": "3.0.0",
      "resolved": "https://registry.npmjs.org/unist-util-is/-/unist-util-is-3.0.0.tgz",
      "integrity": "sha512-sVZZX3+kspVNmLWBPAB6r+7D9ZgAFPNWm66f7YNb420RlQSbn+n8rG8dGZSkrER7ZIXGQYNm5pqC3v3HopH24A==",
      "dev": true
    },
    "unist-util-visit": {
      "version": "1.4.1",
      "resolved": "https://registry.npmjs.org/unist-util-visit/-/unist-util-visit-1.4.1.tgz",
      "integrity": "sha512-AvGNk7Bb//EmJZyhtRUnNMEpId/AZ5Ph/KUpTI09WHQuDZHKovQ1oEv3mfmKpWKtoMzyMC4GLBm1Zy5k12fjIw==",
      "dev": true,
      "requires": {
        "unist-util-visit-parents": "^2.0.0"
      }
    },
    "unist-util-visit-parents": {
      "version": "2.1.2",
      "resolved": "https://registry.npmjs.org/unist-util-visit-parents/-/unist-util-visit-parents-2.1.2.tgz",
      "integrity": "sha512-DyN5vD4NE3aSeB+PXYNKxzGsfocxp6asDc2XXE3b0ekO2BaRUpBicbbUygfSvYfUz1IkmjFR1YF7dPklraMZ2g==",
      "dev": true,
      "requires": {
        "unist-util-is": "^3.0.0"
      }
    },
    "untildify": {
      "version": "3.0.3",
      "resolved": "https://registry.npmjs.org/untildify/-/untildify-3.0.3.tgz",
      "integrity": "sha512-iSk/J8efr8uPT/Z4eSUywnqyrQU7DSdMfdqK4iWEaUVVmcP5JcnpRqmVMwcwcnmI1ATFNgC5V90u09tBynNFKA==",
      "dev": true
    }
  }
}
